
Microsoft Visual Studio Solution File, Format Version 12.00
# Visual Studio Version 17
VisualStudioVersion = 17.4.33205.214
MinimumVisualStudioVersion = 10.0.40219.1
Project("{FAE04EC0-301F-11D3-BF4B-00C04F79EFBC}") = "SporeAdventureParser", "SporeAdventureParser\SporeAdventureParser.csproj", "{AD704E5A-F2CA-4538-AAA9-4224847DC321}"
EndProject
Project("{FAE04EC0-301F-11D3-BF4B-00C04F79EFBC}") = "SporeAPI", "SporeAPI\SporeAPI.csproj", "{C06E15C8-C620-452B-B5AE-83F8D0585537}"
EndProject
Project("{FAE04EC0-301F-11D3-BF4B-00C04F79EFBC}") = "Test", "Test\Test.csproj", "{E21D3AE4-64DD-4CA6-AB9E-70A9B9FED8F9}"
EndProject
Project("{FAE04EC0-301F-11D3-BF4B-00C04F79EFBC}") = "SporeAdventureParserWPF", "SporeAdventureParserWPF\SporeAdventureParserWPF.csproj", "{65DA6E23-0DE3-4ECC-9BB7-F4127A78A572}"
EndProject
Global
	GlobalSection(SolutionConfigurationPlatforms) = preSolution
		Debug|Any CPU = Debug|Any CPU
		Release|Any CPU = Release|Any CPU
	EndGlobalSection
	GlobalSection(ProjectConfigurationPlatforms) = postSolution
		{AD704E5A-F2CA-4538-AAA9-4224847DC321}.Debug|Any CPU.ActiveCfg = Debug|Any CPU
		{AD704E5A-F2CA-4538-AAA9-4224847DC321}.Debug|Any CPU.Build.0 = Debug|Any CPU
		{AD704E5A-F2CA-4538-AAA9-4224847DC321}.Release|Any CPU.ActiveCfg = Release|Any CPU
		{AD704E5A-F2CA-4538-AAA9-4224847DC321}.Release|Any CPU.Build.0 = Release|Any CPU
		{C06E15C8-C620-452B-B5AE-83F8D0585537}.Debug|Any CPU.ActiveCfg = Debug|Any CPU
		{C06E15C8-C620-452B-B5AE-83F8D0585537}.Debug|Any CPU.Build.0 = Debug|Any CPU
		{C06E15C8-C620-452B-B5AE-83F8D0585537}.Release|Any CPU.ActiveCfg = Release|Any CPU
		{C06E15C8-C620-452B-B5AE-83F8D0585537}.Release|Any CPU.Build.0 = Release|Any CPU
		{E21D3AE4-64DD-4CA6-AB9E-70A9B9FED8F9}.Debug|Any CPU.ActiveCfg = Debug|Any CPU
		{E21D3AE4-64DD-4CA6-AB9E-70A9B9FED8F9}.Debug|Any CPU.Build.0 = Debug|Any CPU
		{E21D3AE4-64DD-4CA6-AB9E-70A9B9FED8F9}.Release|Any CPU.ActiveCfg = Release|Any CPU
		{E21D3AE4-64DD-4CA6-AB9E-70A9B9FED8F9}.Release|Any CPU.Build.0 = Release|Any CPU
		{65DA6E23-0DE3-4ECC-9BB7-F4127A78A572}.Debug|Any CPU.ActiveCfg = Debug|Any CPU
		{65DA6E23-0DE3-4ECC-9BB7-F4127A78A572}.Debug|Any CPU.Build.0 = Debug|Any CPU
		{65DA6E23-0DE3-4ECC-9BB7-F4127A78A572}.Release|Any CPU.ActiveCfg = Release|Any CPU
		{65DA6E23-0DE3-4ECC-9BB7-F4127A78A572}.Release|Any CPU.Build.0 = Release|Any CPU
	EndGlobalSection
	GlobalSection(SolutionProperties) = preSolution
		HideSolutionNode = FALSE
	EndGlobalSection
	GlobalSection(ExtensibilityGlobals) = postSolution
		SolutionGuid = {B7FF82FC-7EE2-4842-97B9-77F5FD5B3687}
	EndGlobalSection
EndGlobal
